
Microsoft Visual Studio Solution File, Format Version 12.00
# Visual Studio 15
VisualStudioVersion = 15.0.28307.852
MinimumVisualStudioVersion = 10.0.40219.1
Project("{9A19103F-16F7-4668-BE54-9A1E7A4F7556}") = "Cake.SonarResults", "src\Cake.SonarResults\Cake.SonarResults.csproj", "{6858084C-5D40-45F2-8347-F2A91639C077}"
EndProject
Project("{FAE04EC0-301F-11D3-BF4B-00C04F79EFBC}") = "Cake.SonarResults.Test", "tests\Cake.SonarResults.Test\Cake.SonarResults.Test.csproj", "{02FA1F7F-8589-48D0-A15F-C57E9D0EB854}"
	ProjectSection(ProjectDependencies) = postProject
		{6858084C-5D40-45F2-8347-F2A91639C077} = {6858084C-5D40-45F2-8347-F2A91639C077}
	EndProjectSection
EndProject
Global
	GlobalSection(SolutionConfigurationPlatforms) = preSolution
		Debug|Any CPU = Debug|Any CPU
		Release|Any CPU = Release|Any CPU
	EndGlobalSection
	GlobalSection(ProjectConfigurationPlatforms) = postSolution
		{6858084C-5D40-45F2-8347-F2A91639C077}.Debug|Any CPU.ActiveCfg = Debug|Any CPU
		{6858084C-5D40-45F2-8347-F2A91639C077}.Debug|Any CPU.Build.0 = Debug|Any CPU
		{6858084C-5D40-45F2-8347-F2A91639C077}.Release|Any CPU.ActiveCfg = Release|Any CPU
		{6858084C-5D40-45F2-8347-F2A91639C077}.Release|Any CPU.Build.0 = Release|Any CPU
		{02FA1F7F-8589-48D0-A15F-C57E9D0EB854}.Debug|Any CPU.ActiveCfg = Debug|Any CPU
		{02FA1F7F-8589-48D0-A15F-C57E9D0EB854}.Debug|Any CPU.Build.0 = Debug|Any CPU
		{02FA1F7F-8589-48D0-A15F-C57E9D0EB854}.Release|Any CPU.ActiveCfg = Release|Any CPU
		{02FA1F7F-8589-48D0-A15F-C57E9D0EB854}.Release|Any CPU.Build.0 = Release|Any CPU
	EndGlobalSection
	GlobalSection(SolutionProperties) = preSolution
		HideSolutionNode = FALSE
	EndGlobalSection
	GlobalSection(ExtensibilityGlobals) = postSolution
		SolutionGuid = {9CB705FA-9196-4456-907E-6FE51607C66C}
	EndGlobalSection
EndGlobal
